
Microsoft Visual Studio Solution File, Format Version 12.00
# Visual Studio Version 16
VisualStudioVersion = 16.0.28729.10
MinimumVisualStudioVersion = 10.0.40219.1
Project("{FAE04EC0-301F-11D3-BF4B-00C04F79EFBC}") = "Composition", "Composition\Composition.csproj", "{F834F2BC-F3C3-454C-9284-E503E1AF9139}"
EndProject
Global
	GlobalSection(SolutionConfigurationPlatforms) = preSolution
		Debug|Any CPU = Debug|Any CPU
		Release|Any CPU = Release|Any CPU
	EndGlobalSection
	GlobalSection(ProjectConfigurationPlatforms) = postSolution
		{F834F2BC-F3C3-454C-9284-E503E1AF9139}.Debug|Any CPU.ActiveCfg = Debug|Any CPU
		{F834F2BC-F3C3-454C-9284-E503E1AF9139}.Debug|Any CPU.Build.0 = Debug|Any CPU
		{F834F2BC-F3C3-454C-9284-E503E1AF9139}.Release|Any CPU.ActiveCfg = Release|Any CPU
		{F834F2BC-F3C3-454C-9284-E503E1AF9139}.Release|Any CPU.Build.0 = Release|Any CPU
	EndGlobalSection
	GlobalSection(SolutionProperties) = preSolution
		HideSolutionNode = FALSE
	EndGlobalSection
	GlobalSection(ExtensibilityGlobals) = postSolution
		SolutionGuid = {2A6FA5CF-E2C2-47AE-8089-01F9BED8A361}
	EndGlobalSection
EndGlobal
